{
  "requires": true,
  "lockfileVersion": 1,
  "dependencies": {
    "agm-direction": {
      "version": "0.7.5",
      "resolved": "https://registry.npmjs.org/agm-direction/-/agm-direction-0.7.5.tgz",
      "integrity": "sha512-sEe7uX4gh3+Dzjj5+lGrJrUDx3kOs4/NVe1/mHuBAxisSjlqxntlFme7FQ8aS8YiSD53wst6+Cy0N5X7WP8XJw=="
    }
  }
}
